{
  "name": "@nci/bearer-fetch",
  "version": "1.0.0",
  "lockfileVersion": 1,
  "requires": true,
  "dependencies": {
    "@ncisrc/cookies-storage": {
      "version": "1.0.1",
      "resolved": "https://npm.pkg.github.com/download/@ncisrc/cookies-storage/1.0.1/f772c4040cdbe7fb6d1fb58b2b81bde4b9dad6b85f9cc7931b5d001b3cbfe98b",
      "integrity": "sha512-UFfUbul4Vd5YqtUGRMNL+c8R/CxwhLTyCSvzacv1ZkiqL+ZQiqy78VE96TDwvHyIsh90SzS+euDxVR4UI0YEJQ=="
    }
  }
}
