{
  "name": "@ncisrc/fetch-api",
  "version": "1.0.1",
  "lockfileVersion": 1,
  "requires": true,
  "dependencies": {
    "@ncisrc/cookies-storage": {
      "version": "git+https://github.com/ncisrc/cookies-storage.git#4151e30d36206f76d790385c063e2e4c84217f1e",
      "from": "git+https://github.com/ncisrc/cookies-storage.git#main"
    }
  }
}
