{
  "name": "@ncisrc/fetch-api",
  "version": "1.0.1",
  "lockfileVersion": 1,
  "requires": true,
  "dependencies": {
    "@ncisrc/cookies-storage": {
      "version": "git+https://github.com/ncisrc/cookies-storage.git#78d94b86de0dbd673d577a09c87250229eaf20ca",
      "from": "git+https://github.com/ncisrc/cookies-storage.git#main"
    }
  }
}
